// !$*UTF8*$!
{
	archiveVersion = 1;
	classes = {
	};
	objectVersion = 77;
	objects = {

/* Begin PBXContainerItemProxy section */
		1587EAF92EFF6C8F0032CC09 /* PBXContainerItemProxy */ = {
			isa = PBXContainerItemProxy;
			containerPortal = 1587EADE2EFF6C8E0032CC09 /* Project object */;
			proxyType = 1;
			remoteGlobalIDString = 1587EAE52EFF6C8E0032CC09;
			remoteInfo = ReadAI;
		};
		1587EB032EFF6C8F0032CC09 /* PBXContainerItemProxy */ = {
			isa = PBXContainerItemProxy;
			containerPortal = 1587EADE2EFF6C8E0032CC09 /* Project object */;
			proxyType = 1;
			remoteGlobalIDString = 1587EAE52EFF6C8E0032CC09;
			remoteInfo = ReadAI;
		};
/* End PBXContainerItemProxy section */

/* Begin PBXFileReference section */
		1587EAE62EFF6C8E0032CC09 /* ReadAI.app */ = {isa = PBXFileReference; explicitFileType = wrapper.application; includeInIndex = 0; path = ReadAI.app; sourceTree = BUILT_PRODUCTS_DIR; };
		1587EAF82EFF6C8F0032CC09 /* ReadAITests.xctest */ = {isa = PBXFileReference; explicitFileType = wrapper.cfbundle; includeInIndex = 0; path = ReadAITests.xctest; sourceTree = BUILT_PRODUCTS_DIR; };
		1587EB022EFF6C8F0032CC09 /* ReadAIUITests.xctest */ = {isa = PBXFileReference; explicitFileType = wrapper.cfbundle; includeInIndex = 0; path = ReadAIUITests.xctest; sourceTree = BUILT_PRODUCTS_DIR; };
/* End PBXFileReference section */

/* Begin PBXFileSystemSynchronizedRootGroup section */
		1587EAE82EFF6C8E0032CC09 /* ReadAI */ = {
			isa = PBXFileSystemSynchronizedRootGroup;
			path = ReadAI;
			sourceTree = "<group>";
		};
		1587EAFB2EFF6C8F0032CC09 /* ReadAITests */ = {
			isa = PBXFileSystemSynchronizedRootGroup;
			path = ReadAITests;
			sourceTree = "<group>";
		};
		1587EB052EFF6C8F0032CC09 /* ReadAIUITests */ = {
			isa = PBXFileSystemSynchronizedRootGroup;
			path = ReadAIUITests;
			sourceTree = "<group>";
		};
/* End PBXFileSystemSynchronizedRootGroup section */

/* Begin PBXFrameworksBuildPhase section */
		1587EAE32EFF6C8E0032CC09 /* Frameworks */ = {
			isa = PBXFrameworksBuildPhase;
			buildActionMask = 2147483647;
			files = (
			);
			runOnlyForDeploymentPostprocessing = 0;
		};
		1587EAF52EFF6C8F0032CC09 /* Frameworks */ = {
			isa = PBXFrameworksBuildPhase;
			buildActionMask = 2147483647;
			files = (
			);
			runOnlyForDeploymentPostprocessing = 0;
		};
		1587EAFF2EFF6C8F0032CC09 /* Frameworks */ = {
			isa = PBXFrameworksBuildPhase;
			buildActionMask = 2147483647;
			files = (
			);
			runOnlyForDeploymentPostprocessing = 0;
		};
/* End PBXFrameworksBuildPhase section */

/* Begin PBXGroup section */
		1587EADD2EFF6C8E0032CC09 = {
			isa = PBXGroup;
			children = (
				1587EAE82EFF6C8E0032CC09 /* ReadAI */,
				1587EAFB2EFF6C8F0032CC09 /* ReadAITests */,
				1587EB052EFF6C8F0032CC09 /* ReadAIUITests */,
				1587EAE72EFF6C8E0032CC09 /* Products */,
			);
			sourceTree = "<group>";
		};
		1587EAE72EFF6C8E0032CC09 /* Products */ = {
			isa = PBXGroup;
			children = (
				1587EAE62EFF6C8E0032CC09 /* ReadAI.app */,
				1587EAF82EFF6C8F0032CC09 /* ReadAITests.xctest */,
				1587EB022EFF6C8F0032CC09 /* ReadAIUITests.xctest */,
			);
			name = Products;
			sourceTree = "<group>";
		};
/* End PBXGroup section */

/* Begin PBXNativeTarget section */
		1587EAE52EFF6C8E0032CC09 /* ReadAI */ = {
			isa = PBXNativeTarget;
			buildConfigurationList = 1587EB0C2EFF6C8F0032CC09 /* Build configuration list for PBXNativeTarget "ReadAI" */;
			buildPhases = (
				1587EAE22EFF6C8E0032CC09 /* Sources */,
				1587EAE32EFF6C8E0032CC09 /* Frameworks */,
				1587EAE42EFF6C8E0032CC09 /* Resources */,
			);
			buildRules = (
			);
			dependencies = (
			);
			fileSystemSynchronizedGroups = (
				1587EAE82EFF6C8E0032CC09 /* ReadAI */,
			);
			name = ReadAI;
			packageProductDependencies = (
			);
			productName = ReadAI;
			productReference = 1587EAE62EFF6C8E0032CC09 /* ReadAI.app */;
			productType = "com.apple.product-type.application";
		};
		1587EAF72EFF6C8F0032CC09 /* ReadAITests */ = {
			isa = PBXNativeTarget;
			buildConfigurationList = 1587EB0F2EFF6C8F0032CC09 /* Build configuration list for PBXNativeTarget "ReadAITests" */;
			buildPhases = (
				1587EAF42EFF6C8F0032CC09 /* Sources */,
				1587EAF52EFF6C8F0032CC09 /* Frameworks */,
				1587EAF62EFF6C8F0032CC09 /* Resources */,
			);
			buildRules = (
			);
			dependencies = (
				1587EAFA2EFF6C8F0032CC09 /* PBXTargetDependency */,
			);
			fileSystemSynchronizedGroups = (
				1587EAFB2EFF6C8F0032CC09 /* ReadAITests */,
			);
			name = ReadAITests;
			packageProductDependencies = (
			);
			productName = ReadAITests;
			productReference = 1587EAF82EFF6C8F0032CC09 /* ReadAITests.xctest */;
			productType = "com.apple.product-type.bundle.unit-test";
		};
		1587EB012EFF6C8F0032CC09 /* ReadAIUITests */ = {
			isa = PBXNativeTarget;
			buildConfigurationList = 1587EB122EFF6C8F0032CC09 /* Build configuration list for PBXNativeTarget "ReadAIUITests" */;
			buildPhases = (
				1587EAFE2EFF6C8F0032CC09 /* Sources */,
				1587EAFF2EFF6C8F0032CC09 /* Frameworks */,
				1587EB002EFF6C8F0032CC09 /* Resources */,
			);
			buildRules = (
			);
			dependencies = (
				1587EB042EFF6C8F0032CC09 /* PBXTargetDependency */,
			);
			fileSystemSynchronizedGroups = (
				1587EB052EFF6C8F0032CC09 /* ReadAIUITests */,
			);
			name = ReadAIUITests;
			packageProductDependencies = (
			);
			productName = ReadAIUITests;
			productReference = 1587EB022EFF6C8F0032CC09 /* ReadAIUITests.xctest */;
			productType = "com.apple.product-type.bundle.ui-testing";
		};
/* End PBXNativeTarget section */

/* Begin PBXProject section */
		1587EADE2EFF6C8E0032CC09 /* Project object */ = {
			isa = PBXProject;
			attributes = {
				BuildIndependentTargetsInParallel = 1;
				LastSwiftUpdateCheck = 1620;
				LastUpgradeCheck = 1620;
				TargetAttributes = {
					1587EAE52EFF6C8E0032CC09 = {
						CreatedOnToolsVersion = 16.2;
					};
					1587EAF72EFF6C8F0032CC09 = {
						CreatedOnToolsVersion = 16.2;
						TestTargetID = 1587EAE52EFF6C8E0032CC09;
					};
					1587EB012EFF6C8F0032CC09 = {
						CreatedOnToolsVersion = 16.2;
						TestTargetID = 1587EAE52EFF6C8E0032CC09;
					};
				};
			};
			buildConfigurationList = 1587EAE12EFF6C8E0032CC09 /* Build configuration list for PBXProject "ReadAI" */;
			developmentRegion = en;
			hasScannedForEncodings = 0;
			knownRegions = (
				en,
				Base,
			);
			mainGroup = 1587EADD2EFF6C8E0032CC09;
			minimizedProjectReferenceProxies = 1;
			preferredProjectObjectVersion = 77;
			productRefGroup = 1587EAE72EFF6C8E0032CC09 /* Products */;
			projectDirPath = "";
			projectRoot = "";
			targets = (
				1587EAE52EFF6C8E0032CC09 /* ReadAI */,
				1587EAF72EFF6C8F0032CC09 /* ReadAITests */,
				1587EB012EFF6C8F0032CC09 /* ReadAIUITests */,
			);
		};
/* End PBXProject section */

/* Begin PBXResourcesBuildPhase section */
		1587EAE42EFF6C8E0032CC09 /* Resources */ = {
			isa = PBXResourcesBuildPhase;
			buildActionMask = 2147483647;
			files = (
			);
			runOnlyForDeploymentPostprocessing = 0;
		};
		1587EAF62EFF6C8F0032CC09 /* Resources */ = {
			isa = PBXResourcesBuildPhase;
			buildActionMask = 2147483647;
			files = (
			);
			runOnlyForDeploymentPostprocessing = 0;
		};
		1587EB002EFF6C8F0032CC09 /* Resources */ = {
			isa = PBXResourcesBuildPhase;
			buildActionMask = 2147483647;
			files = (
			);
			runOnlyForDeploymentPostprocessing = 0;
		};
/* End PBXResourcesBuildPhase section */

/* Begin PBXSourcesBuildPhase section */
		1587EAE22EFF6C8E0032CC09 /* Sources */ = {
			isa = PBXSourcesBuildPhase;
			buildActionMask = 2147483647;
			files = (
			);
			runOnlyForDeploymentPostprocessing = 0;
		};
		1587EAF42EFF6C8F0032CC09 /* Sources */ = {
			isa = PBXSourcesBuildPhase;
			buildActionMask = 2147483647;
			files = (
			);
			runOnlyForDeploymentPostprocessing = 0;
		};
		1587EAFE2EFF6C8F0032CC09 /* Sources */ = {
			isa = PBXSourcesBuildPhase;
			buildActionMask = 2147483647;
			files = (
			);
			runOnlyForDeploymentPostprocessing = 0;
		};
/* End PBXSourcesBuildPhase section */

/* Begin PBXTargetDependency section */
		1587EAFA2EFF6C8F0032CC09 /* PBXTargetDependency */ = {
			isa = PBXTargetDependency;
			target = 1587EAE52EFF6C8E0032CC09 /* ReadAI */;
			targetProxy = 1587EAF92EFF6C8F0032CC09 /* PBXContainerItemProxy */;
		};
		1587EB042EFF6C8F0032CC09 /* PBXTargetDependency */ = {
			isa = PBXTargetDependency;
			target = 1587EAE52EFF6C8E0032CC09 /* ReadAI */;
			targetProxy = 1587EB032EFF6C8F0032CC09 /* PBXContainerItemProxy */;
		};
/* End PBXTargetDependency section */

/* Begin XCBuildConfiguration section */
		1587EB0A2EFF6C8F0032CC09 /* Debug */ = {
			isa = XCBuildConfiguration;
			buildSettings = {
				ALWAYS_SEARCH_USER_PATHS = NO;
				ASSETCATALOG_COMPILER_GENERATE_SWIFT_ASSET_SYMBOL_EXTENSIONS = YES;
				CLANG_ANALYZER_NONNULL = YES;
				CLANG_ANALYZER_NUMBER_OBJECT_CONVERSION = YES_AGGRESSIVE;
				CLANG_CXX_LANGUAGE_STANDARD = "gnu++20";
				CLANG_ENABLE_MODULES = YES;
				CLANG_ENABLE_OBJC_ARC = YES;
				CLANG_ENABLE_OBJC_WEAK = YES;
				CLANG_WARN_BLOCK_CAPTURE_AUTORELEASING = YES;
				CLANG_WARN_BOOL_CONVERSION = YES;
				CLANG_WARN_COMMA = YES;
				CLANG_WARN_CONSTANT_CONVERSION = YES;
				CLANG_WARN_DEPRECATED_OBJC_IMPLEMENTATIONS = YES;
				CLANG_WARN_DIRECT_OBJC_ISA_USAGE = YES_ERROR;
				CLANG_WARN_DOCUMENTATION_COMMENTS = YES;
				CLANG_WARN_EMPTY_BODY = YES;
				CLANG_WARN_ENUM_CONVERSION = YES;
				CLANG_WARN_INFINITE_RECURSION = YES;
				CLANG_WARN_INT_CONVERSION = YES;
				CLANG_WARN_NON_LITERAL_NULL_CONVERSION = YES;
				CLANG_WARN_OBJC_IMPLICIT_RETAIN_SELF = YES;
				CLANG_WARN_OBJC_LITERAL_CONVERSION = YES;
				CLANG_WARN_OBJC_ROOT_CLASS = YES_ERROR;
				CLANG_WARN_QUOTED_INCLUDE_IN_FRAMEWORK_HEADER = YES;
				CLANG_WARN_RANGE_LOOP_ANALYSIS = YES;
				CLANG_WARN_STRICT_PROTOTYPES = YES;
				CLANG_WARN_SUSPICIOUS_MOVE = YES;
				CLANG_WARN_UNGUARDED_AVAILABILITY = YES_AGGRESSIVE;
				CLANG_WARN_UNREACHABLE_CODE = YES;
				CLANG_WARN__DUPLICATE_METHOD_MATCH = YES;
				COPY_PHASE_STRIP = NO;
				DEBUG_INFORMATION_FORMAT = dwarf;
				ENABLE_STRICT_OBJC_MSGSEND = YES;
				ENABLE_TESTABILITY = YES;
				ENABLE_USER_SCRIPT_SANDBOXING = YES;
				GCC_C_LANGUAGE_STANDARD = gnu17;
				GCC_DYNAMIC_NO_PIC = NO;
				GCC_NO_COMMON_BLOCKS = YES;
				GCC_OPTIMIZATION_LEVEL = 0;
				GCC_PREPROCESSOR_DEFINITIONS = (
					"DEBUG=1",
					"$(inherited)",
				);
				GCC_WARN_64_TO_32_BIT_CONVERSION = YES;
				GCC_WARN_ABOUT_RETURN_TYPE = YES_ERROR;
				GCC_WARN_UNDECLARED_SELECTOR = YES;
				GCC_WARN_UNINITIALIZED_AUTOS = YES_AGGRESSIVE;
				GCC_WARN_UNUSED_FUNCTION = YES;
				GCC_WARN_UNUSED_VARIABLE = YES;
				IPHONEOS_DEPLOYMENT_TARGET = 18.2;
				LOCALIZATION_PREFERS_STRING_CATALOGS = YES;
				MTL_ENABLE_DEBUG_INFO = INCLUDE_SOURCE;
				MTL_FAST_MATH = YES;
				ONLY_ACTIVE_ARCH = YES;
				SDKROOT = iphoneos;
				SWIFT_ACTIVE_COMPILATION_CONDITIONS = "DEBUG $(inherited)";
				SWIFT_OPTIMIZATION_LEVEL = "-Onone";
			};
			name = Debug;
		};
		1587EB0B2EFF6C8F0032CC09 /* Release */ = {
			isa = XCBuildConfiguration;
			buildSettings = {
				ALWAYS_SEARCH_USER_PATHS = NO;
				ASSETCATALOG_COMPILER_GENERATE_SWIFT_ASSET_SYMBOL_EXTENSIONS = YES;
				CLANG_ANALYZER_NONNULL = YES;
				CLANG_ANALYZER_NUMBER_OBJECT_CONVERSION = YES_AGGRESSIVE;
				CLANG_CXX_LANGUAGE_STANDARD = "gnu++20";
				CLANG_ENABLE_MODULES = YES;
				CLANG_ENABLE_OBJC_ARC = YES;
				CLANG_ENABLE_OBJC_WEAK = YES;
				CLANG_WARN_BLOCK_CAPTURE_AUTORELEASING = YES;
				CLANG_WARN_BOOL_CONVERSION = YES;
				CLANG_WARN_COMMA = YES;
				CLANG_WARN_CONSTANT_CONVERSION = YES;
				CLANG_WARN_DEPRECATED_OBJC_IMPLEMENTATIONS = YES;
				CLANG_WARN_DIRECT_OBJC_ISA_USAGE = YES_ERROR;
				CLANG_WARN_DOCUMENTATION_COMMENTS = YES;
				CLANG_WARN_EMPTY_BODY = YES;
				CLANG_WARN_ENUM_CONVERSION = YES;
				CLANG_WARN_INFINITE_RECURSION = YES;
				CLANG_WARN_INT_CONVERSION = YES;
				CLANG_WARN_NON_LITERAL_NULL_CONVERSION = YES;
				CLANG_WARN_OBJC_IMPLICIT_RETAIN_SELF = YES;
				CLANG_WARN_OBJC_LITERAL_CONVERSION = YES;
				CLANG_WARN_OBJC_ROOT_CLASS = YES_ERROR;
				CLANG_WARN_QUOTED_INCLUDE_IN_FRAMEWORK_HEADER = YES;
				CLANG_WARN_RANGE_LOOP_ANALYSIS = YES;
				CLANG_WARN_STRICT_PROTOTYPES = YES;
				CLANG_WARN_SUSPICIOUS_MOVE = YES;
				CLANG_WARN_UNGUARDED_AVAILABILITY = YES_AGGRESSIVE;
				CLANG_WARN_UNREACHABLE_CODE = YES;
				CLANG_WARN__DUPLICATE_METHOD_MATCH = YES;
				COPY_PHASE_STRIP = NO;
				DEBUG_INFORMATION_FORMAT = "dwarf-with-dsym";
				ENABLE_NS_ASSERTIONS = NO;
				ENABLE_STRICT_OBJC_MSGSEND = YES;
				ENABLE_USER_SCRIPT_SANDBOXING = YES;
				GCC_C_LANGUAGE_STANDARD = gnu17;
				GCC_NO_COMMON_BLOCKS = YES;
				GCC_WARN_64_TO_32_BIT_CONVERSION = YES;
				GCC_WARN_ABOUT_RETURN_TYPE = YES_ERROR;
				GCC_WARN_UNDECLARED_SELECTOR = YES;
				GCC_WARN_UNINITIALIZED_AUTOS = YES_AGGRESSIVE;
				GCC_WARN_UNUSED_FUNCTION = YES;
				GCC_WARN_UNUSED_VARIABLE = YES;
				IPHONEOS_DEPLOYMENT_TARGET = 18.2;
				LOCALIZATION_PREFERS_STRING_CATALOGS = YES;
				MTL_ENABLE_DEBUG_INFO = NO;
				MTL_FAST_MATH = YES;
				SDKROOT = iphoneos;
				SWIFT_COMPILATION_MODE = wholemodule;
				VALIDATE_PRODUCT = YES;
			};
			name = Release;
		};
		1587EB0D2EFF6C8F0032CC09 /* Debug */ = {
			isa = XCBuildConfiguration;
			buildSettings = {
				ASSETCATALOG_COMPILER_APPICON_NAME = AppIcon;
				ASSETCATALOG_COMPILER_GLOBAL_ACCENT_COLOR_NAME = AccentColor;
				CODE_SIGN_STYLE = Automatic;
				CURRENT_PROJECT_VERSION = 1;
				DEVELOPMENT_ASSET_PATHS = "\"ReadAI/Preview Content\"";
				DEVELOPMENT_TEAM = BS73HLR48X;
				ENABLE_PREVIEWS = YES;
				GENERATE_INFOPLIST_FILE = YES;
				INFOPLIST_KEY_UIApplicationSceneManifest_Generation = YES;
				INFOPLIST_KEY_UIApplicationSupportsIndirectInputEvents = YES;
				INFOPLIST_KEY_UILaunchScreen_Generation = YES;
				INFOPLIST_KEY_UISupportedInterfaceOrientations_iPad = "UIInterfaceOrientationPortrait UIInterfaceOrientationPortraitUpsideDown UIInterfaceOrientationLandscapeLeft UIInterfaceOrientationLandscapeRight";
				INFOPLIST_KEY_UISupportedInterfaceOrientations_iPhone = "UIInterfaceOrientationPortrait UIInterfaceOrientationLandscapeLeft UIInterfaceOrientationLandscapeRight";
				LD_RUNPATH_SEARCH_PATHS = (
					"$(inherited)",
					"@executable_path/Frameworks",
				);
				MARKETING_VERSION = 1.0;
				PRODUCT_BUNDLE_IDENTIFIER = Nav.ReadAI;
				PRODUCT_NAME = "$(TARGET_NAME)";
				SWIFT_EMIT_LOC_STRINGS = YES;
				SWIFT_VERSION = 5.0;
				TARGETED_DEVICE_FAMILY = "1,2";
			};
			name = Debug;
		};
		1587EB0E2EFF6C8F0032CC09 /* Release */ = {
			isa = XCBuildConfiguration;
			buildSettings = {
				ASSETCATALOG_COMPILER_APPICON_NAME = AppIcon;
				ASSETCATALOG_COMPILER_GLOBAL_ACCENT_COLOR_NAME = AccentColor;
				CODE_SIGN_STYLE = Automatic;
				CURRENT_PROJECT_VERSION = 1;
				DEVELOPMENT_ASSET_PATHS = "\"ReadAI/Preview Content\"";
				DEVELOPMENT_TEAM = BS73HLR48X;
				ENABLE_PREVIEWS = YES;
				GENERATE_INFOPLIST_FILE = YES;
				INFOPLIST_KEY_UIApplicationSceneManifest_Generation = YES;
				INFOPLIST_KEY_UIApplicationSupportsIndirectInputEvents = YES;
				INFOPLIST_KEY_UILaunchScreen_Generation = YES;
				INFOPLIST_KEY_UISupportedInterfaceOrientations_iPad = "UIInterfaceOrientationPortrait UIInterfaceOrientationPortraitUpsideDown UIInterfaceOrientationLandscapeLeft UIInterfaceOrientationLandscapeRight";
				INFOPLIST_KEY_UISupportedInterfaceOrientations_iPhone = "UIInterfaceOrientationPortrait UIInterfaceOrientationLandscapeLeft UIInterfaceOrientationLandscapeRight";
				LD_RUNPATH_SEARCH_PATHS = (
					"$(inherited)",
					"@executable_path/Frameworks",
				);
				MARKETING_VERSION = 1.0;
				PRODUCT_BUNDLE_IDENTIFIER = Nav.ReadAI;
				PRODUCT_NAME = "$(TARGET_NAME)";
				SWIFT_EMIT_LOC_STRINGS = YES;
				SWIFT_VERSION = 5.0;
				TARGETED_DEVICE_FAMILY = "1,2";
			};
			name = Release;
		};
		1587EB102EFF6C8F0032CC09 /* Debug */ = {
			isa = XCBuildConfiguration;
			buildSettings = {
				BUNDLE_LOADER = "$(TEST_HOST)";
				CODE_SIGN_STYLE = Automatic;
				CURRENT_PROJECT_VERSION = 1;
				DEVELOPMENT_TEAM = BS73HLR48X;
				GENERATE_INFOPLIST_FILE = YES;
				IPHONEOS_DEPLOYMENT_TARGET = 18.2;
				MARKETING_VERSION = 1.0;
				PRODUCT_BUNDLE_IDENTIFIER = Nav.ReadAITests;
				PRODUCT_NAME = "$(TARGET_NAME)";
				SWIFT_EMIT_LOC_STRINGS = NO;
				SWIFT_VERSION = 5.0;
				TARGETED_DEVICE_FAMILY = "1,2";
				TEST_HOST = "$(BUILT_PRODUCTS_DIR)/ReadAI.app/$(BUNDLE_EXECUTABLE_FOLDER_PATH)/ReadAI";
			};
			name = Debug;
		};
		1587EB112EFF6C8F0032CC09 /* Release */ = {
			isa = XCBuildConfiguration;
			buildSettings = {
				BUNDLE_LOADER = "$(TEST_HOST)";
				CODE_SIGN_STYLE = Automatic;
				CURRENT_PROJECT_VERSION = 1;
				DEVELOPMENT_TEAM = BS73HLR48X;
				GENERATE_INFOPLIST_FILE = YES;
				IPHONEOS_DEPLOYMENT_TARGET = 18.2;
				MARKETING_VERSION = 1.0;
				PRODUCT_BUNDLE_IDENTIFIER = Nav.ReadAITests;
				PRODUCT_NAME = "$(TARGET_NAME)";
				SWIFT_EMIT_LOC_STRINGS = NO;
				SWIFT_VERSION = 5.0;
				TARGETED_DEVICE_FAMILY = "1,2";
				TEST_HOST = "$(BUILT_PRODUCTS_DIR)/ReadAI.app/$(BUNDLE_EXECUTABLE_FOLDER_PATH)/ReadAI";
			};
			name = Release;
		};
		1587EB132EFF6C8F0032CC09 /* Debug */ = {
			isa = XCBuildConfiguration;
			buildSettings = {
				CODE_SIGN_STYLE = Automatic;
				CURRENT_PROJECT_VERSION = 1;
				DEVELOPMENT_TEAM = BS73HLR48X;
				GENERATE_INFOPLIST_FILE = YES;
				MARKETING_VERSION = 1.0;
				PRODUCT_BUNDLE_IDENTIFIER = Nav.ReadAIUITests;
				PRODUCT_NAME = "$(TARGET_NAME)";
				SWIFT_EMIT_LOC_STRINGS = NO;
				SWIFT_VERSION = 5.0;
				TARGETED_DEVICE_FAMILY = "1,2";
				TEST_TARGET_NAME = ReadAI;
			};
			name = Debug;
		};
		1587EB142EFF6C8F0032CC09 /* Release */ = {
			isa = XCBuildConfiguration;
			buildSettings = {
				CODE_SIGN_STYLE = Automatic;
				CURRENT_PROJECT_VERSION = 1;
				DEVELOPMENT_TEAM = BS73HLR48X;
				GENERATE_INFOPLIST_FILE = YES;
				MARKETING_VERSION = 1.0;
				PRODUCT_BUNDLE_IDENTIFIER = Nav.ReadAIUITests;
				PRODUCT_NAME = "$(TARGET_NAME)";
				SWIFT_EMIT_LOC_STRINGS = NO;
				SWIFT_VERSION = 5.0;
				TARGETED_DEVICE_FAMILY = "1,2";
				TEST_TARGET_NAME = ReadAI;
			};
			name = Release;
		};
/* End XCBuildConfiguration section */

/* Begin XCConfigurationList section */
		1587EAE12EFF6C8E0032CC09 /* Build configuration list for PBXProject "ReadAI" */ = {
			isa = XCConfigurationList;
			buildConfigurations = (
				1587EB0A2EFF6C8F0032CC09 /* Debug */,
				1587EB0B2EFF6C8F0032CC09 /* Release */,
			);
			defaultConfigurationIsVisible = 0;
			defaultConfigurationName = Release;
		};
		1587EB0C2EFF6C8F0032CC09 /* Build configuration list for PBXNativeTarget "ReadAI" */ = {
			isa = XCConfigurationList;
			buildConfigurations = (
				1587EB0D2EFF6C8F0032CC09 /* Debug */,
				1587EB0E2EFF6C8F0032CC09 /* Release */,
			);
			defaultConfigurationIsVisible = 0;
			defaultConfigurationName = Release;
		};
		1587EB0F2EFF6C8F0032CC09 /* Build configuration list for PBXNativeTarget "ReadAITests" */ = {
			isa = XCConfigurationList;
			buildConfigurations = (
				1587EB102EFF6C8F0032CC09 /* Debug */,
				1587EB112EFF6C8F0032CC09 /* Release */,
			);
			defaultConfigurationIsVisible = 0;
			defaultConfigurationName = Release;
		};
		1587EB122EFF6C8F0032CC09 /* Build configuration list for PBXNativeTarget "ReadAIUITests" */ = {
			isa = XCConfigurationList;
			buildConfigurations = (
				1587EB132EFF6C8F0032CC09 /* Debug */,
				1587EB142EFF6C8F0032CC09 /* Release */,
			);
			defaultConfigurationIsVisible = 0;
			defaultConfigurationName = Release;
		};
/* End XCConfigurationList section */
	};
	rootObject = 1587EADE2EFF6C8E0032CC09 /* Project object */;
}
